
Microsoft Visual Studio Solution File, Format Version 12.00
# Visual Studio 14
VisualStudioVersion = 14.0.25420.1
MinimumVisualStudioVersion = 10.0.40219.1
Project("{FAE04EC0-301F-11D3-BF4B-00C04F79EFBC}") = "ExamRef", "ExamRef\ExamRef.csproj", "{FE6B0C73-C484-4E62-A74E-3C80E73FE7FA}"
EndProject
Project("{FAE04EC0-301F-11D3-BF4B-00C04F79EFBC}") = "ExamRef_Test", "ExamRef_Test\ExamRef_Test.csproj", "{6017C31E-1D68-4263-A065-7431F9429F13}"
EndProject
Project("{FAE04EC0-301F-11D3-BF4B-00C04F79EFBC}") = "ExStrongDLL", "ExStrongDLL\ExStrongDLL.csproj", "{136FF001-A0B2-448B-A9F6-D3F457305AD4}"
EndProject
Project("{2150E333-8FDC-42A3-9474-1A3956D46DE8}") = "Solution Items", "Solution Items", "{AD3EAEB9-1E59-4776-9D2B-80396A5423FC}"
EndProject
Project("{FAE04EC0-301F-11D3-BF4B-00C04F79EFBC}") = "ExSQLCLR", "ExSQLCLR\ExSQLCLR.csproj", "{ABF6745A-7D4F-4673-8673-8744849489DE}"
EndProject
Global
	GlobalSection(SolutionConfigurationPlatforms) = preSolution
		Debug|Any CPU = Debug|Any CPU
		Release|Any CPU = Release|Any CPU
	EndGlobalSection
	GlobalSection(ProjectConfigurationPlatforms) = postSolution
		{FE6B0C73-C484-4E62-A74E-3C80E73FE7FA}.Debug|Any CPU.ActiveCfg = Debug|Any CPU
		{FE6B0C73-C484-4E62-A74E-3C80E73FE7FA}.Debug|Any CPU.Build.0 = Debug|Any CPU
		{FE6B0C73-C484-4E62-A74E-3C80E73FE7FA}.Release|Any CPU.ActiveCfg = Release|Any CPU
		{FE6B0C73-C484-4E62-A74E-3C80E73FE7FA}.Release|Any CPU.Build.0 = Release|Any CPU
		{6017C31E-1D68-4263-A065-7431F9429F13}.Debug|Any CPU.ActiveCfg = Debug|Any CPU
		{6017C31E-1D68-4263-A065-7431F9429F13}.Debug|Any CPU.Build.0 = Debug|Any CPU
		{6017C31E-1D68-4263-A065-7431F9429F13}.Release|Any CPU.ActiveCfg = Release|Any CPU
		{6017C31E-1D68-4263-A065-7431F9429F13}.Release|Any CPU.Build.0 = Release|Any CPU
		{136FF001-A0B2-448B-A9F6-D3F457305AD4}.Debug|Any CPU.ActiveCfg = Debug|Any CPU
		{136FF001-A0B2-448B-A9F6-D3F457305AD4}.Debug|Any CPU.Build.0 = Debug|Any CPU
		{136FF001-A0B2-448B-A9F6-D3F457305AD4}.Release|Any CPU.ActiveCfg = Release|Any CPU
		{136FF001-A0B2-448B-A9F6-D3F457305AD4}.Release|Any CPU.Build.0 = Release|Any CPU
		{ABF6745A-7D4F-4673-8673-8744849489DE}.Debug|Any CPU.ActiveCfg = Debug|Any CPU
		{ABF6745A-7D4F-4673-8673-8744849489DE}.Debug|Any CPU.Build.0 = Debug|Any CPU
		{ABF6745A-7D4F-4673-8673-8744849489DE}.Release|Any CPU.ActiveCfg = Release|Any CPU
		{ABF6745A-7D4F-4673-8673-8744849489DE}.Release|Any CPU.Build.0 = Release|Any CPU
	EndGlobalSection
	GlobalSection(SolutionProperties) = preSolution
		HideSolutionNode = FALSE
	EndGlobalSection
EndGlobal
